// !$*UTF8*$!
{
	archiveVersion = 1;
	classes = {
	};
	objectVersion = 46;
	objects = {

/* Begin PBXBuildFile section */
		983D51901F0159110048D2EB /* AppDelegate.swift in Sources */ = {isa = PBXBuildFile; fileRef = 983D518F1F0159110048D2EB /* AppDelegate.swift */; };
		983D51921F0159110048D2EB /* ViewController.swift in Sources */ = {isa = PBXBuildFile; fileRef = 983D51911F0159110048D2EB /* ViewController.swift */; };
		983D51951F0159110048D2EB /* Main.storyboard in Resources */ = {isa = PBXBuildFile; fileRef = 983D51931F0159110048D2EB /* Main.storyboard */; };
		983D51971F0159110048D2EB /* Assets.xcassets in Resources */ = {isa = PBXBuildFile; fileRef = 983D51961F0159110048D2EB /* Assets.xcassets */; };
		983D519A1F0159110048D2EB /* LaunchScreen.storyboard in Resources */ = {isa = PBXBuildFile; fileRef = 983D51981F0159110048D2EB /* LaunchScreen.storyboard */; };
		983D51A51F0159110048D2EB /* Divvy_Bike_AppTests.swift in Sources */ = {isa = PBXBuildFile; fileRef = 983D51A41F0159110048D2EB /* Divvy_Bike_AppTests.swift */; };
		983D51B01F0159110048D2EB /* Divvy_Bike_AppUITests.swift in Sources */ = {isa = PBXBuildFile; fileRef = 983D51AF1F0159110048D2EB /* Divvy_Bike_AppUITests.swift */; };
		983D51BE1F015A020048D2EB /* SwiftyJSON-1.swift in Sources */ = {isa = PBXBuildFile; fileRef = 983D51BD1F015A020048D2EB /* SwiftyJSON-1.swift */; };
		983D51C01F0167AC0048D2EB /* DetailViewController.swift in Sources */ = {isa = PBXBuildFile; fileRef = 983D51BF1F0167AC0048D2EB /* DetailViewController.swift */; };
		983D51C21F0175A80048D2EB /* MapViewController.swift in Sources */ = {isa = PBXBuildFile; fileRef = 983D51C11F0175A80048D2EB /* MapViewController.swift */; };
/* End PBXBuildFile section */

/* Begin PBXContainerItemProxy section */
		983D51A11F0159110048D2EB /* PBXContainerItemProxy */ = {
			isa = PBXContainerItemProxy;
			containerPortal = 983D51841F0159110048D2EB /* Project object */;
			proxyType = 1;
			remoteGlobalIDString = 983D518B1F0159110048D2EB;
			remoteInfo = "Divvy Bike App";
		};
		983D51AC1F0159110048D2EB /* PBXContainerItemProxy */ = {
			isa = PBXContainerItemProxy;
			containerPortal = 983D51841F0159110048D2EB /* Project object */;
			proxyType = 1;
			remoteGlobalIDString = 983D518B1F0159110048D2EB;
			remoteInfo = "Divvy Bike App";
		};
/* End PBXContainerItemProxy section */

/* Begin PBXFileReference section */
		983D518C1F0159110048D2EB /* Divvy Bike App.app */ = {isa = PBXFileReference; explicitFileType = wrapper.application; includeInIndex = 0; path = "Divvy Bike App.app"; sourceTree = BUILT_PRODUCTS_DIR; };
		983D518F1F0159110048D2EB /* AppDelegate.swift */ = {isa = PBXFileReference; lastKnownFileType = sourcecode.swift; path = AppDelegate.swift; sourceTree = "<group>"; };
		983D51911F0159110048D2EB /* ViewController.swift */ = {isa = PBXFileReference; lastKnownFileType = sourcecode.swift; path = ViewController.swift; sourceTree = "<group>"; };
		983D51941F0159110048D2EB /* Base */ = {isa = PBXFileReference; lastKnownFileType = file.storyboard; name = Base; path = Base.lproj/Main.storyboard; sourceTree = "<group>"; };
		983D51961F0159110048D2EB /* Assets.xcassets */ = {isa = PBXFileReference; lastKnownFileType = folder.assetcatalog; path = Assets.xcassets; sourceTree = "<group>"; };
		983D51991F0159110048D2EB /* Base */ = {isa = PBXFileReference; lastKnownFileType = file.storyboard; name = Base; path = Base.lproj/LaunchScreen.storyboard; sourceTree = "<group>"; };
		983D519B1F0159110048D2EB /* Info.plist */ = {isa = PBXFileReference; lastKnownFileType = text.plist.xml; path = Info.plist; sourceTree = "<group>"; };
		983D51A01F0159110048D2EB /* Divvy Bike AppTests.xctest */ = {isa = PBXFileReference; explicitFileType = wrapper.cfbundle; includeInIndex = 0; path = "Divvy Bike AppTests.xctest"; sourceTree = BUILT_PRODUCTS_DIR; };
		983D51A41F0159110048D2EB /* Divvy_Bike_AppTests.swift */ = {isa = PBXFileReference; lastKnownFileType = sourcecode.swift; path = Divvy_Bike_AppTests.swift; sourceTree = "<group>"; };
		983D51A61F0159110048D2EB /* Info.plist */ = {isa = PBXFileReference; lastKnownFileType = text.plist.xml; path = Info.plist; sourceTree = "<group>"; };
		983D51AB1F0159110048D2EB /* Divvy Bike AppUITests.xctest */ = {isa = PBXFileReference; explicitFileType = wrapper.cfbundle; includeInIndex = 0; path = "Divvy Bike AppUITests.xctest"; sourceTree = BUILT_PRODUCTS_DIR; };
		983D51AF1F0159110048D2EB /* Divvy_Bike_AppUITests.swift */ = {isa = PBXFileReference; lastKnownFileType = sourcecode.swift; path = Divvy_Bike_AppUITests.swift; sourceTree = "<group>"; };
		983D51B11F0159110048D2EB /* Info.plist */ = {isa = PBXFileReference; lastKnownFileType = text.plist.xml; path = Info.plist; sourceTree = "<group>"; };
		983D51BD1F015A020048D2EB /* SwiftyJSON-1.swift */ = {isa = PBXFileReference; fileEncoding = 4; lastKnownFileType = sourcecode.swift; path = "SwiftyJSON-1.swift"; sourceTree = "<group>"; };
		983D51BF1F0167AC0048D2EB /* DetailViewController.swift */ = {isa = PBXFileReference; fileEncoding = 4; lastKnownFileType = sourcecode.swift; path = DetailViewController.swift; sourceTree = "<group>"; };
		983D51C11F0175A80048D2EB /* MapViewController.swift */ = {isa = PBXFileReference; fileEncoding = 4; lastKnownFileType = sourcecode.swift; path = MapViewController.swift; sourceTree = "<group>"; };
/* End PBXFileReference section */

/* Begin PBXFrameworksBuildPhase section */
		983D51891F0159110048D2EB /* Frameworks */ = {
			isa = PBXFrameworksBuildPhase;
			buildActionMask = 2147483647;
			files = (
			);
			runOnlyForDeploymentPostprocessing = 0;
		};
		983D519D1F0159110048D2EB /* Frameworks */ = {
			isa = PBXFrameworksBuildPhase;
			buildActionMask = 2147483647;
			files = (
			);
			runOnlyForDeploymentPostprocessing = 0;
		};
		983D51A81F0159110048D2EB /* Frameworks */ = {
			isa = PBXFrameworksBuildPhase;
			buildActionMask = 2147483647;
			files = (
			);
			runOnlyForDeploymentPostprocessing = 0;
		};
/* End PBXFrameworksBuildPhase section */

/* Begin PBXGroup section */
		983D51831F0159110048D2EB = {
			isa = PBXGroup;
			children = (
				983D518E1F0159110048D2EB /* Divvy Bike App */,
				983D51A31F0159110048D2EB /* Divvy Bike AppTests */,
				983D51AE1F0159110048D2EB /* Divvy Bike AppUITests */,
				983D518D1F0159110048D2EB /* Products */,
			);
			sourceTree = "<group>";
		};
		983D518D1F0159110048D2EB /* Products */ = {
			isa = PBXGroup;
			children = (
				983D518C1F0159110048D2EB /* Divvy Bike App.app */,
				983D51A01F0159110048D2EB /* Divvy Bike AppTests.xctest */,
				983D51AB1F0159110048D2EB /* Divvy Bike AppUITests.xctest */,
			);
			name = Products;
			sourceTree = "<group>";
		};
		983D518E1F0159110048D2EB /* Divvy Bike App */ = {
			isa = PBXGroup;
			children = (
				983D518F1F0159110048D2EB /* AppDelegate.swift */,
				983D51BD1F015A020048D2EB /* SwiftyJSON-1.swift */,
				983D51911F0159110048D2EB /* ViewController.swift */,
				983D51931F0159110048D2EB /* Main.storyboard */,
				983D51C11F0175A80048D2EB /* MapViewController.swift */,
				983D51BF1F0167AC0048D2EB /* DetailViewController.swift */,
				983D51961F0159110048D2EB /* Assets.xcassets */,
				983D51981F0159110048D2EB /* LaunchScreen.storyboard */,
				983D519B1F0159110048D2EB /* Info.plist */,
			);
			path = "Divvy Bike App";
			sourceTree = "<group>";
		};
		983D51A31F0159110048D2EB /* Divvy Bike AppTests */ = {
			isa = PBXGroup;
			children = (
				983D51A41F0159110048D2EB /* Divvy_Bike_AppTests.swift */,
				983D51A61F0159110048D2EB /* Info.plist */,
			);
			path = "Divvy Bike AppTests";
			sourceTree = "<group>";
		};
		983D51AE1F0159110048D2EB /* Divvy Bike AppUITests */ = {
			isa = PBXGroup;
			children = (
				983D51AF1F0159110048D2EB /* Divvy_Bike_AppUITests.swift */,
				983D51B11F0159110048D2EB /* Info.plist */,
			);
			path = "Divvy Bike AppUITests";
			sourceTree = "<group>";
		};
/* End PBXGroup section */

/* Begin PBXNativeTarget section */
		983D518B1F0159110048D2EB /* Divvy Bike App */ = {
			isa = PBXNativeTarget;
			buildConfigurationList = 983D51B41F0159110048D2EB /* Build configuration list for PBXNativeTarget "Divvy Bike App" */;
			buildPhases = (
				983D51881F0159110048D2EB /* Sources */,
				983D51891F0159110048D2EB /* Frameworks */,
				983D518A1F0159110048D2EB /* Resources */,
			);
			buildRules = (
			);
			dependencies = (
			);
			name = "Divvy Bike App";
			productName = "Divvy Bike App";
			productReference = 983D518C1F0159110048D2EB /* Divvy Bike App.app */;
			productType = "com.apple.product-type.application";
		};
		983D519F1F0159110048D2EB /* Divvy Bike AppTests */ = {
			isa = PBXNativeTarget;
			buildConfigurationList = 983D51B71F0159110048D2EB /* Build configuration list for PBXNativeTarget "Divvy Bike AppTests" */;
			buildPhases = (
				983D519C1F0159110048D2EB /* Sources */,
				983D519D1F0159110048D2EB /* Frameworks */,
				983D519E1F0159110048D2EB /* Resources */,
			);
			buildRules = (
			);
			dependencies = (
				983D51A21F0159110048D2EB /* PBXTargetDependency */,
			);
			name = "Divvy Bike AppTests";
			productName = "Divvy Bike AppTests";
			productReference = 983D51A01F0159110048D2EB /* Divvy Bike AppTests.xctest */;
			productType = "com.apple.product-type.bundle.unit-test";
		};
		983D51AA1F0159110048D2EB /* Divvy Bike AppUITests */ = {
			isa = PBXNativeTarget;
			buildConfigurationList = 983D51BA1F0159110048D2EB /* Build configuration list for PBXNativeTarget "Divvy Bike AppUITests" */;
			buildPhases = (
				983D51A71F0159110048D2EB /* Sources */,
				983D51A81F0159110048D2EB /* Frameworks */,
				983D51A91F0159110048D2EB /* Resources */,
			);
			buildRules = (
			);
			dependencies = (
				983D51AD1F0159110048D2EB /* PBXTargetDependency */,
			);
			name = "Divvy Bike AppUITests";
			productName = "Divvy Bike AppUITests";
			productReference = 983D51AB1F0159110048D2EB /* Divvy Bike AppUITests.xctest */;
			productType = "com.apple.product-type.bundle.ui-testing";
		};
/* End PBXNativeTarget section */

/* Begin PBXProject section */
		983D51841F0159110048D2EB /* Project object */ = {
			isa = PBXProject;
			attributes = {
				LastSwiftUpdateCheck = 0830;
				LastUpgradeCheck = 0830;
				ORGANIZATIONNAME = "Ziyun Ma";
				TargetAttributes = {
					983D518B1F0159110048D2EB = {
						CreatedOnToolsVersion = 8.3.3;
						ProvisioningStyle = Automatic;
					};
					983D519F1F0159110048D2EB = {
						CreatedOnToolsVersion = 8.3.3;
						ProvisioningStyle = Automatic;
						TestTargetID = 983D518B1F0159110048D2EB;
					};
					983D51AA1F0159110048D2EB = {
						CreatedOnToolsVersion = 8.3.3;
						ProvisioningStyle = Automatic;
						TestTargetID = 983D518B1F0159110048D2EB;
					};
				};
			};
			buildConfigurationList = 983D51871F0159110048D2EB /* Build configuration list for PBXProject "Divvy Bike App" */;
			compatibilityVersion = "Xcode 3.2";
			developmentRegion = English;
			hasScannedForEncodings = 0;
			knownRegions = (
				en,
				Base,
			);
			mainGroup = 983D51831F0159110048D2EB;
			productRefGroup = 983D518D1F0159110048D2EB /* Products */;
			projectDirPath = "";
			projectRoot = "";
			targets = (
				983D518B1F0159110048D2EB /* Divvy Bike App */,
				983D519F1F0159110048D2EB /* Divvy Bike AppTests */,
				983D51AA1F0159110048D2EB /* Divvy Bike AppUITests */,
			);
		};
/* End PBXProject section */

/* Begin PBXResourcesBuildPhase section */
		983D518A1F0159110048D2EB /* Resources */ = {
			isa = PBXResourcesBuildPhase;
			buildActionMask = 2147483647;
			files = (
				983D519A1F0159110048D2EB /* LaunchScreen.storyboard in Resources */,
				983D51971F0159110048D2EB /* Assets.xcassets in Resources */,
				983D51951F0159110048D2EB /* Main.storyboard in Resources */,
			);
			runOnlyForDeploymentPostprocessing = 0;
		};
		983D519E1F0159110048D2EB /* Resources */ = {
			isa = PBXResourcesBuildPhase;
			buildActionMask = 2147483647;
			files = (
			);
			runOnlyForDeploymentPostprocessing = 0;
		};
		983D51A91F0159110048D2EB /* Resources */ = {
			isa = PBXResourcesBuildPhase;
			buildActionMask = 2147483647;
			files = (
			);
			runOnlyForDeploymentPostprocessing = 0;
		};
/* End PBXResourcesBuildPhase section */

/* Begin PBXSourcesBuildPhase section */
		983D51881F0159110048D2EB /* Sources */ = {
			isa = PBXSourcesBuildPhase;
			buildActionMask = 2147483647;
			files = (
				983D51921F0159110048D2EB /* ViewController.swift in Sources */,
				983D51901F0159110048D2EB /* AppDelegate.swift in Sources */,
				983D51BE1F015A020048D2EB /* SwiftyJSON-1.swift in Sources */,
				983D51C21F0175A80048D2EB /* MapViewController.swift in Sources */,
				983D51C01F0167AC0048D2EB /* DetailViewController.swift in Sources */,
			);
			runOnlyForDeploymentPostprocessing = 0;
		};
		983D519C1F0159110048D2EB /* Sources */ = {
			isa = PBXSourcesBuildPhase;
			buildActionMask = 2147483647;
			files = (
				983D51A51F0159110048D2EB /* Divvy_Bike_AppTests.swift in Sources */,
			);
			runOnlyForDeploymentPostprocessing = 0;
		};
		983D51A71F0159110048D2EB /* Sources */ = {
			isa = PBXSourcesBuildPhase;
			buildActionMask = 2147483647;
			files = (
				983D51B01F0159110048D2EB /* Divvy_Bike_AppUITests.swift in Sources */,
			);
			runOnlyForDeploymentPostprocessing = 0;
		};
/* End PBXSourcesBuildPhase section */

/* Begin PBXTargetDependency section */
		983D51A21F0159110048D2EB /* PBXTargetDependency */ = {
			isa = PBXTargetDependency;
			target = 983D518B1F0159110048D2EB /* Divvy Bike App */;
			targetProxy = 983D51A11F0159110048D2EB /* PBXContainerItemProxy */;
		};
		983D51AD1F0159110048D2EB /* PBXTargetDependency */ = {
			isa = PBXTargetDependency;
			target = 983D518B1F0159110048D2EB /* Divvy Bike App */;
			targetProxy = 983D51AC1F0159110048D2EB /* PBXContainerItemProxy */;
		};
/* End PBXTargetDependency section */

/* Begin PBXVariantGroup section */
		983D51931F0159110048D2EB /* Main.storyboard */ = {
			isa = PBXVariantGroup;
			children = (
				983D51941F0159110048D2EB /* Base */,
			);
			name = Main.storyboard;
			sourceTree = "<group>";
		};
		983D51981F0159110048D2EB /* LaunchScreen.storyboard */ = {
			isa = PBXVariantGroup;
			children = (
				983D51991F0159110048D2EB /* Base */,
			);
			name = LaunchScreen.storyboard;
			sourceTree = "<group>";
		};
/* End PBXVariantGroup section */

/* Begin XCBuildConfiguration section */
		983D51B21F0159110048D2EB /* Debug */ = {
			isa = XCBuildConfiguration;
			buildSettings = {
				ALWAYS_SEARCH_USER_PATHS = NO;
				CLANG_ANALYZER_NONNULL = YES;
				CLANG_ANALYZER_NUMBER_OBJECT_CONVERSION = YES_AGGRESSIVE;
				CLANG_CXX_LANGUAGE_STANDARD = "gnu++0x";
				CLANG_CXX_LIBRARY = "libc++";
				CLANG_ENABLE_MODULES = YES;
				CLANG_ENABLE_OBJC_ARC = YES;
				CLANG_WARN_BOOL_CONVERSION = YES;
				CLANG_WARN_CONSTANT_CONVERSION = YES;
				CLANG_WARN_DIRECT_OBJC_ISA_USAGE = YES_ERROR;
				CLANG_WARN_DOCUMENTATION_COMMENTS = YES;
				CLANG_WARN_EMPTY_BODY = YES;
				CLANG_WARN_ENUM_CONVERSION = YES;
				CLANG_WARN_INFINITE_RECURSION = YES;
				CLANG_WARN_INT_CONVERSION = YES;
				CLANG_WARN_OBJC_ROOT_CLASS = YES_ERROR;
				CLANG_WARN_SUSPICIOUS_MOVE = YES;
				CLANG_WARN_UNREACHABLE_CODE = YES;
				CLANG_WARN__DUPLICATE_METHOD_MATCH = YES;
				"CODE_SIGN_IDENTITY[sdk=iphoneos*]" = "iPhone Developer";
				COPY_PHASE_STRIP = NO;
				DEBUG_INFORMATION_FORMAT = dwarf;
				ENABLE_STRICT_OBJC_MSGSEND = YES;
				ENABLE_TESTABILITY = YES;
				GCC_C_LANGUAGE_STANDARD = gnu99;
				GCC_DYNAMIC_NO_PIC = NO;
				GCC_NO_COMMON_BLOCKS = YES;
				GCC_OPTIMIZATION_LEVEL = 0;
				GCC_PREPROCESSOR_DEFINITIONS = (
					"DEBUG=1",
					"$(inherited)",
				);
				GCC_WARN_64_TO_32_BIT_CONVERSION = YES;
				GCC_WARN_ABOUT_RETURN_TYPE = YES_ERROR;
				GCC_WARN_UNDECLARED_SELECTOR = YES;
				GCC_WARN_UNINITIALIZED_AUTOS = YES_AGGRESSIVE;
				GCC_WARN_UNUSED_FUNCTION = YES;
				GCC_WARN_UNUSED_VARIABLE = YES;
				IPHONEOS_DEPLOYMENT_TARGET = 10.3;
				MTL_ENABLE_DEBUG_INFO = YES;
				ONLY_ACTIVE_ARCH = YES;
				SDKROOT = iphoneos;
				SWIFT_ACTIVE_COMPILATION_CONDITIONS = DEBUG;
				SWIFT_OPTIMIZATION_LEVEL = "-Onone";
				TARGETED_DEVICE_FAMILY = "1,2";
			};
			name = Debug;
		};
		983D51B31F0159110048D2EB /* Release */ = {
			isa = XCBuildConfiguration;
			buildSettings = {
				ALWAYS_SEARCH_USER_PATHS = NO;
				CLANG_ANALYZER_NONNULL = YES;
				CLANG_ANALYZER_NUMBER_OBJECT_CONVERSION = YES_AGGRESSIVE;
				CLANG_CXX_LANGUAGE_STANDARD = "gnu++0x";
				CLANG_CXX_LIBRARY = "libc++";
				CLANG_ENABLE_MODULES = YES;
				CLANG_ENABLE_OBJC_ARC = YES;
				CLANG_WARN_BOOL_CONVERSION = YES;
				CLANG_WARN_CONSTANT_CONVERSION = YES;
				CLANG_WARN_DIRECT_OBJC_ISA_USAGE = YES_ERROR;
				CLANG_WARN_DOCUMENTATION_COMMENTS = YES;
				CLANG_WARN_EMPTY_BODY = YES;
				CLANG_WARN_ENUM_CONVERSION = YES;
				CLANG_WARN_INFINITE_RECURSION = YES;
				CLANG_WARN_INT_CONVERSION = YES;
				CLANG_WARN_OBJC_ROOT_CLASS = YES_ERROR;
				CLANG_WARN_SUSPICIOUS_MOVE = YES;
				CLANG_WARN_UNREACHABLE_CODE = YES;
				CLANG_WARN__DUPLICATE_METHOD_MATCH = YES;
				"CODE_SIGN_IDENTITY[sdk=iphoneos*]" = "iPhone Developer";
				COPY_PHASE_STRIP = NO;
				DEBUG_INFORMATION_FORMAT = "dwarf-with-dsym";
				ENABLE_NS_ASSERTIONS = NO;
				ENABLE_STRICT_OBJC_MSGSEND = YES;
				GCC_C_LANGUAGE_STANDARD = gnu99;
				GCC_NO_COMMON_BLOCKS = YES;
				GCC_WARN_64_TO_32_BIT_CONVERSION = YES;
				GCC_WARN_ABOUT_RETURN_TYPE = YES_ERROR;
				GCC_WARN_UNDECLARED_SELECTOR = YES;
				GCC_WARN_UNINITIALIZED_AUTOS = YES_AGGRESSIVE;
				GCC_WARN_UNUSED_FUNCTION = YES;
				GCC_WARN_UNUSED_VARIABLE = YES;
				IPHONEOS_DEPLOYMENT_TARGET = 10.3;
				MTL_ENABLE_DEBUG_INFO = NO;
				SDKROOT = iphoneos;
				SWIFT_OPTIMIZATION_LEVEL = "-Owholemodule";
				TARGETED_DEVICE_FAMILY = "1,2";
				VALIDATE_PRODUCT = YES;
			};
			name = Release;
		};
		983D51B51F0159110048D2EB /* Debug */ = {
			isa = XCBuildConfiguration;
			buildSettings = {
				ASSETCATALOG_COMPILER_APPICON_NAME = AppIcon;
				INFOPLIST_FILE = "Divvy Bike App/Info.plist";
				LD_RUNPATH_SEARCH_PATHS = "$(inherited) @executable_path/Frameworks";
				PRODUCT_BUNDLE_IDENTIFIER = "Rubber-Duckies.Divvy-Bike-App";
				PRODUCT_NAME = "$(TARGET_NAME)";
				SWIFT_VERSION = 3.0;
			};
			name = Debug;
		};
		983D51B61F0159110048D2EB /* Release */ = {
			isa = XCBuildConfiguration;
			buildSettings = {
				ASSETCATALOG_COMPILER_APPICON_NAME = AppIcon;
				INFOPLIST_FILE = "Divvy Bike App/Info.plist";
				LD_RUNPATH_SEARCH_PATHS = "$(inherited) @executable_path/Frameworks";
				PRODUCT_BUNDLE_IDENTIFIER = "Rubber-Duckies.Divvy-Bike-App";
				PRODUCT_NAME = "$(TARGET_NAME)";
				SWIFT_VERSION = 3.0;
			};
			name = Release;
		};
		983D51B81F0159110048D2EB /* Debug */ = {
			isa = XCBuildConfiguration;
			buildSettings = {
				ALWAYS_EMBED_SWIFT_STANDARD_LIBRARIES = YES;
				BUNDLE_LOADER = "$(TEST_HOST)";
				INFOPLIST_FILE = "Divvy Bike AppTests/Info.plist";
				LD_RUNPATH_SEARCH_PATHS = "$(inherited) @executable_path/Frameworks @loader_path/Frameworks";
				PRODUCT_BUNDLE_IDENTIFIER = "Rubber-Duckies.Divvy-Bike-AppTests";
				PRODUCT_NAME = "$(TARGET_NAME)";
				SWIFT_VERSION = 3.0;
				TEST_HOST = "$(BUILT_PRODUCTS_DIR)/Divvy Bike App.app/Divvy Bike App";
			};
			name = Debug;
		};
		983D51B91F0159110048D2EB /* Release */ = {
			isa = XCBuildConfiguration;
			buildSettings = {
				ALWAYS_EMBED_SWIFT_STANDARD_LIBRARIES = YES;
				BUNDLE_LOADER = "$(TEST_HOST)";
				INFOPLIST_FILE = "Divvy Bike AppTests/Info.plist";
				LD_RUNPATH_SEARCH_PATHS = "$(inherited) @executable_path/Frameworks @loader_path/Frameworks";
				PRODUCT_BUNDLE_IDENTIFIER = "Rubber-Duckies.Divvy-Bike-AppTests";
				PRODUCT_NAME = "$(TARGET_NAME)";
				SWIFT_VERSION = 3.0;
				TEST_HOST = "$(BUILT_PRODUCTS_DIR)/Divvy Bike App.app/Divvy Bike App";
			};
			name = Release;
		};
		983D51BB1F0159110048D2EB /* Debug */ = {
			isa = XCBuildConfiguration;
			buildSettings = {
				ALWAYS_EMBED_SWIFT_STANDARD_LIBRARIES = YES;
				INFOPLIST_FILE = "Divvy Bike AppUITests/Info.plist";
				LD_RUNPATH_SEARCH_PATHS = "$(inherited) @executable_path/Frameworks @loader_path/Frameworks";
				PRODUCT_BUNDLE_IDENTIFIER = "Rubber-Duckies.Divvy-Bike-AppUITests";
				PRODUCT_NAME = "$(TARGET_NAME)";
				SWIFT_VERSION = 3.0;
				TEST_TARGET_NAME = "Divvy Bike App";
			};
			name = Debug;
		};
		983D51BC1F0159110048D2EB /* Release */ = {
			isa = XCBuildConfiguration;
			buildSettings = {
				ALWAYS_EMBED_SWIFT_STANDARD_LIBRARIES = YES;
				INFOPLIST_FILE = "Divvy Bike AppUITests/Info.plist";
				LD_RUNPATH_SEARCH_PATHS = "$(inherited) @executable_path/Frameworks @loader_path/Frameworks";
				PRODUCT_BUNDLE_IDENTIFIER = "Rubber-Duckies.Divvy-Bike-AppUITests";
				PRODUCT_NAME = "$(TARGET_NAME)";
				SWIFT_VERSION = 3.0;
				TEST_TARGET_NAME = "Divvy Bike App";
			};
			name = Release;
		};
/* End XCBuildConfiguration section */

/* Begin XCConfigurationList section */
		983D51871F0159110048D2EB /* Build configuration list for PBXProject "Divvy Bike App" */ = {
			isa = XCConfigurationList;
			buildConfigurations = (
				983D51B21F0159110048D2EB /* Debug */,
				983D51B31F0159110048D2EB /* Release */,
			);
			defaultConfigurationIsVisible = 0;
			defaultConfigurationName = Release;
		};
		983D51B41F0159110048D2EB /* Build configuration list for PBXNativeTarget "Divvy Bike App" */ = {
			isa = XCConfigurationList;
			buildConfigurations = (
				983D51B51F0159110048D2EB /* Debug */,
				983D51B61F0159110048D2EB /* Release */,
			);
			defaultConfigurationIsVisible = 0;
		};
		983D51B71F0159110048D2EB /* Build configuration list for PBXNativeTarget "Divvy Bike AppTests" */ = {
			isa = XCConfigurationList;
			buildConfigurations = (
				983D51B81F0159110048D2EB /* Debug */,
				983D51B91F0159110048D2EB /* Release */,
			);
			defaultConfigurationIsVisible = 0;
		};
		983D51BA1F0159110048D2EB /* Build configuration list for PBXNativeTarget "Divvy Bike AppUITests" */ = {
			isa = XCConfigurationList;
			buildConfigurations = (
				983D51BB1F0159110048D2EB /* Debug */,
				983D51BC1F0159110048D2EB /* Release */,
			);
			defaultConfigurationIsVisible = 0;
		};
/* End XCConfigurationList section */
	};
	rootObject = 983D51841F0159110048D2EB /* Project object */;
}
